
Microsoft Visual Studio Solution File, Format Version 12.00
# Visual Studio 15
VisualStudioVersion = 15.0.28010.2026
MinimumVisualStudioVersion = 10.0.40219.1
Project("{FAE04EC0-301F-11D3-BF4B-00C04F79EFBC}") = "beta80.EsercitazioneGiorno3.LibrerieDiUtilità", "beta80.EsercitazioneGiorno3.LibrerieDiUtilità\beta80.EsercitazioneGiorno3.LibrerieDiUtilità.csproj", "{4C8A1AEC-8104-41AB-A61B-5BAED7B3546F}"
EndProject
Project("{FAE04EC0-301F-11D3-BF4B-00C04F79EFBC}") = "beta80.EsercitazioneGiorno3.TestLibreria", "beta80.EsercitazioneGiorno3.TestLibreria\beta80.EsercitazioneGiorno3.TestLibreria.csproj", "{B339CF5A-6618-4796-BDCC-B47656047428}"
EndProject
Global
	GlobalSection(SolutionConfigurationPlatforms) = preSolution
		Debug|Any CPU = Debug|Any CPU
		Release|Any CPU = Release|Any CPU
	EndGlobalSection
	GlobalSection(ProjectConfigurationPlatforms) = postSolution
		{4C8A1AEC-8104-41AB-A61B-5BAED7B3546F}.Debug|Any CPU.ActiveCfg = Debug|Any CPU
		{4C8A1AEC-8104-41AB-A61B-5BAED7B3546F}.Debug|Any CPU.Build.0 = Debug|Any CPU
		{4C8A1AEC-8104-41AB-A61B-5BAED7B3546F}.Release|Any CPU.ActiveCfg = Release|Any CPU
		{4C8A1AEC-8104-41AB-A61B-5BAED7B3546F}.Release|Any CPU.Build.0 = Release|Any CPU
		{B339CF5A-6618-4796-BDCC-B47656047428}.Debug|Any CPU.ActiveCfg = Debug|Any CPU
		{B339CF5A-6618-4796-BDCC-B47656047428}.Debug|Any CPU.Build.0 = Debug|Any CPU
		{B339CF5A-6618-4796-BDCC-B47656047428}.Release|Any CPU.ActiveCfg = Release|Any CPU
		{B339CF5A-6618-4796-BDCC-B47656047428}.Release|Any CPU.Build.0 = Release|Any CPU
	EndGlobalSection
	GlobalSection(SolutionProperties) = preSolution
		HideSolutionNode = FALSE
	EndGlobalSection
	GlobalSection(ExtensibilityGlobals) = postSolution
		SolutionGuid = {180E5707-170C-4FE8-8CC0-BFC5297870F6}
	EndGlobalSection
EndGlobal
