
Microsoft Visual Studio Solution File, Format Version 12.00
# Visual Studio 15
VisualStudioVersion = 15.0.28010.2026
MinimumVisualStudioVersion = 10.0.40219.1
Project("{FAE04EC0-301F-11D3-BF4B-00C04F79EFBC}") = "EsercitazionePomeriggio", "EsercitazionePomeriggio\EsercitazionePomeriggio.csproj", "{8B2936F8-361B-43DF-B332-EAB3602526BD}"
EndProject
Project("{FAE04EC0-301F-11D3-BF4B-00C04F79EFBC}") = "LibreriaFunzioniUtili", "LibreriaFunzioniUtili\LibreriaFunzioniUtili.csproj", "{D52BBFC0-FDE1-4EF0-8C37-C5CE6B4134E4}"
EndProject
Project("{FAE04EC0-301F-11D3-BF4B-00C04F79EFBC}") = "EsercitazionePrePausa", "ConsoleApp1\EsercitazionePrePausa.csproj", "{B89F7323-C88B-45C1-81DF-19A65D7085E8}"
EndProject
Global
	GlobalSection(SolutionConfigurationPlatforms) = preSolution
		Debug|Any CPU = Debug|Any CPU
		Release|Any CPU = Release|Any CPU
	EndGlobalSection
	GlobalSection(ProjectConfigurationPlatforms) = postSolution
		{8B2936F8-361B-43DF-B332-EAB3602526BD}.Debug|Any CPU.ActiveCfg = Debug|Any CPU
		{8B2936F8-361B-43DF-B332-EAB3602526BD}.Debug|Any CPU.Build.0 = Debug|Any CPU
		{8B2936F8-361B-43DF-B332-EAB3602526BD}.Release|Any CPU.ActiveCfg = Release|Any CPU
		{8B2936F8-361B-43DF-B332-EAB3602526BD}.Release|Any CPU.Build.0 = Release|Any CPU
		{D52BBFC0-FDE1-4EF0-8C37-C5CE6B4134E4}.Debug|Any CPU.ActiveCfg = Debug|Any CPU
		{D52BBFC0-FDE1-4EF0-8C37-C5CE6B4134E4}.Debug|Any CPU.Build.0 = Debug|Any CPU
		{D52BBFC0-FDE1-4EF0-8C37-C5CE6B4134E4}.Release|Any CPU.ActiveCfg = Release|Any CPU
		{D52BBFC0-FDE1-4EF0-8C37-C5CE6B4134E4}.Release|Any CPU.Build.0 = Release|Any CPU
		{B89F7323-C88B-45C1-81DF-19A65D7085E8}.Debug|Any CPU.ActiveCfg = Debug|Any CPU
		{B89F7323-C88B-45C1-81DF-19A65D7085E8}.Debug|Any CPU.Build.0 = Debug|Any CPU
		{B89F7323-C88B-45C1-81DF-19A65D7085E8}.Release|Any CPU.ActiveCfg = Release|Any CPU
		{B89F7323-C88B-45C1-81DF-19A65D7085E8}.Release|Any CPU.Build.0 = Release|Any CPU
	EndGlobalSection
	GlobalSection(SolutionProperties) = preSolution
		HideSolutionNode = FALSE
	EndGlobalSection
	GlobalSection(ExtensibilityGlobals) = postSolution
		SolutionGuid = {F23A3A46-7E2C-4263-BF27-994F12021B81}
	EndGlobalSection
EndGlobal
