
Microsoft Visual Studio Solution File, Format Version 12.00
# Visual Studio 15
VisualStudioVersion = 15.0.28010.2026
MinimumVisualStudioVersion = 10.0.40219.1
Project("{FAE04EC0-301F-11D3-BF4B-00C04F79EFBC}") = "EsercitazionePomeriggio", "EsercitazionePomeriggio\EsercitazionePomeriggio.csproj", "{2C40F949-F355-4267-8A9A-96B95C31D170}"
EndProject
Global
	GlobalSection(SolutionConfigurationPlatforms) = preSolution
		Debug|Any CPU = Debug|Any CPU
		Release|Any CPU = Release|Any CPU
	EndGlobalSection
	GlobalSection(ProjectConfigurationPlatforms) = postSolution
		{2C40F949-F355-4267-8A9A-96B95C31D170}.Debug|Any CPU.ActiveCfg = Debug|Any CPU
		{2C40F949-F355-4267-8A9A-96B95C31D170}.Debug|Any CPU.Build.0 = Debug|Any CPU
		{2C40F949-F355-4267-8A9A-96B95C31D170}.Release|Any CPU.ActiveCfg = Release|Any CPU
		{2C40F949-F355-4267-8A9A-96B95C31D170}.Release|Any CPU.Build.0 = Release|Any CPU
	EndGlobalSection
	GlobalSection(SolutionProperties) = preSolution
		HideSolutionNode = FALSE
	EndGlobalSection
	GlobalSection(ExtensibilityGlobals) = postSolution
		SolutionGuid = {84BED799-1283-4686-9B4C-4560DE0C947D}
	EndGlobalSection
EndGlobal
